version = 1
revision = 3
requires-python = ">=3.14"

[manifest]
members = [
    "firmware",
]

[[package]]
name = "firmware"
version = "0.0.0"
source = { virtual = "packages/firmware" }

[package.dev-dependencies]
dev = [
    { name = "micropython-rp2-rpi-pico2-w-stubs" },
]

[package.metadata]

[package.metadata.requires-dev]
dev = [{ name = "micropython-rp2-rpi-pico2-w-stubs", specifier = ">=1.28.0.post4" }]

[[package]]
name = "micropython-rp2-rpi-pico2-w-stubs"
version = "1.29.0.post1"
source = { registry = "https://pypi.org/simple" }
dependencies = [
    { name = "micropython-stdlib-stubs" },
]
sdist = { url = "https://files.pythonhosted.org/packages/74/2d/a66dbaa36741c1349321ec7a907b306ea8ab687299f251e7f0241c3866b7/micropython_rp2_rpi_pico2_w_stubs-1.29.0.post1.tar.gz", hash = "sha256:662647ebbe1037b8062c43a87a428b487edc23d0df6a8095cfdeb489f0cd2d92", size = 101497, upload-time = "2026-08-30T14:53:45.028Z" }
wheels = [
    { url = "https://files.pythonhosted.org/packages/2e/0e/a9226988308bef84bcf0f7a4cd68554df8ea7bcee28bbd32845b668b3312/micropython_rp2_rpi_pico2_w_stubs-1.29.0.post1-py2.py3-none-any.whl", hash = "sha256:7f0dfc0f40c48084f791fd78361f9f2cba946a58d05e404e09181e84502e11d5", size = 131752, upload-time = "2026-08-30T14:53:46.325Z" },
]

[[package]]
name = "micropython-stdlib-stubs"
version = "1.29.0.post2"
source = { registry = "https://pypi.org/simple" }
wheels = [
    { url = "https://files.pythonhosted.org/packages/3a/e6/3edc7601ecbfb1deaee29e7e8beadb7e2d4877b5ed4f71f0c6644bb7493d/micropython_stdlib_stubs-1.29.0.post2-py3-none-any.whl", hash = "sha256:bdcd54d9896d8e1d455b3a99995d82a8399e1e2c9cb94eacabe278e5c2397783", size = 154274, upload-time = "2026-08-31T11:34:33.329Z" },
]
