version = 1
revision = 3
requires-python = ">=3.14"

[manifest]
members = [
    "firmware",
]

[[package]]
name = "firmware"
version = "0.0.0"
source = { virtual = "packages/firmware" }

[package.dev-dependencies]
dev = [
    { name = "micropython-rp2-rpi-pico2-w-stubs" },
    { name = "mpremote" },
]

[package.metadata]

[package.metadata.requires-dev]
dev = [
    { name = "micropython-rp2-rpi-pico2-w-stubs", specifier = ">=1.28.0" },
    { name = "mpremote", specifier = ">=1.29.0" },
]

[[package]]
name = "micropython-rp2-rpi-pico2-w-stubs"
version = "1.29.0.post1"
source = { registry = "https://pypi.org/simple" }
dependencies = [
    { name = "micropython-stdlib-stubs" },
]
sdist = { url = "https://files.pythonhosted.org/packages/74/2d/a66dbaa36741c1349321ec7a907b306ea8ab687299f251e7f0241c3866b7/micropython_rp2_rpi_pico2_w_stubs-1.29.0.post1.tar.gz", hash = "sha256:662647ebbe1037b8062c43a87a428b487edc23d0df6a8095cfdeb489f0cd2d92", size = 101497, upload-time = "2026-08-30T14:53:45.028Z" }
wheels = [
    { url = "https://files.pythonhosted.org/packages/2e/0e/a9226988308bef84bcf0f7a4cd68554df8ea7bcee28bbd32845b668b3312/micropython_rp2_rpi_pico2_w_stubs-1.29.0.post1-py2.py3-none-any.whl", hash = "sha256:7f0dfc0f40c48084f791fd78361f9f2cba946a58d05e404e09181e84502e11d5", size = 131752, upload-time = "2026-08-30T14:53:46.325Z" },
]

[[package]]
name = "micropython-stdlib-stubs"
version = "1.29.0.post2"
source = { registry = "https://pypi.org/simple" }
wheels = [
    { url = "https://files.pythonhosted.org/packages/3a/e6/3edc7601ecbfb1deaee29e7e8beadb7e2d4877b5ed4f71f0c6644bb7493d/micropython_stdlib_stubs-1.29.0.post2-py3-none-any.whl", hash = "sha256:bdcd54d9896d8e1d455b3a99995d82a8399e1e2c9cb94eacabe278e5c2397783", size = 154274, upload-time = "2026-08-31T11:34:33.329Z" },
]

[[package]]
name = "mpremote"
version = "1.29.0"
source = { registry = "https://pypi.org/simple" }
dependencies = [
    { name = "platformdirs" },
    { name = "pyserial" },
]
sdist = { url = "https://files.pythonhosted.org/packages/ac/b7/8c44eb606b0e53517fd6ddda3f598b3bdb180c181f4e0bcbb9b7743f4cb5/mpremote-1.29.0.tar.gz", hash = "sha256:ab0b6f21059698e573ca076fe9a0299e5fe7bbc3ca3f5b2f00007e22e51c7b80", size = 33808, upload-time = "2026-08-24T13:54:53.108Z" }
wheels = [
    { url = "https://files.pythonhosted.org/packages/51/85/f68fbcfe4d1ce32a7f2154a48f68195d4f256e3700b69ad0d5b758ee3b37/mpremote-1.29.0-py3-none-any.whl", hash = "sha256:dedac688bcd65b9d4d5b7a66119332f2830000088321107994959333f53e41c8", size = 38653, upload-time = "2026-08-24T13:54:51.674Z" },
]

[[package]]
name = "platformdirs"
version = "4.11.12"
source = { registry = "https://pypi.org/simple" }
sdist = { url = "https://files.pythonhosted.org/packages/ea/dd/65804b0c2925a1c821a05502ea57517b69a073ff400d25ab9faa3a2cf012/platformdirs-4.11.12.tar.gz", hash = "sha256:e8dc1cb58f1153fd7f61db1374317770baababec2480b37b8f01c6cc25b45267", size = 40016, upload-time = "2026-09-22T01:02:36.973Z" }
wheels = [
    { url = "https://files.pythonhosted.org/packages/ec/2b/69de6317fbf48865bb12aa56c9cfcfff46b3add0cd45250725d96146dce0/platformdirs-4.11.12-py3-none-any.whl", hash = "sha256:b1ba966ac76153d9985a0787ffab951e7c18416189873d4e4ddb2c8a04a0a254", size = 24976, upload-time = "2026-09-22T01:02:35.742Z" },
]

[[package]]
name = "pyserial"
version = "3.5"
source = { registry = "https://pypi.org/simple" }
sdist = { url = "https://files.pythonhosted.org/packages/1e/7d/ae3f0a63f41e4d2f6cb66a5b57197850f919f59e558159a4dd3a818f5082/pyserial-3.5.tar.gz", hash = "sha256:3c77e014170dfffbd816e6ffc205e9842efb10be9f58ec16d3e8675b4925cddb", size = 159125, upload-time = "2020-11-23T03:59:15.045Z" }
wheels = [
    { url = "https://files.pythonhosted.org/packages/07/bc/587a445451b253b285629263eb51c2d8e9bcea4fc97826266d186f96f558/pyserial-3.5-py2.py3-none-any.whl", hash = "sha256:c4451db6ba391ca6ca299fb3ec7bae67a5c55dde170964c7a14ceefec02f2cf0", size = 90585, upload-time = "2020-11-23T03:59:13.41Z" },
]
