core:changelogs:
  - content: "---\npackages:\n  npm:@rozumari/api:\n    type: patch\n  npm:@rozumari/contract:\n    type: patch\n---\n\n## Bug Fixes\n\n- Added check quantity of compartments before creating or updating a schedule to prevent errors when the number of compartments is insufficient.\n"
    filename: 2026-09-17-mu4daq5w.md
    v: 0.0.0
  - content: "---\npackages:\n  npm:@rozumari/mobile:\n    type: patch\n---\n\n## Patch changes\n\n- Added list devices screen\n- Added device details screen\n- Added update device feature\n"
    filename: 2026-09-16-mu4cfba8.md
    v: 0.0.0
core:packages:
  - id: npm:graduation-thesis
    updated: false
  - id: npm:@rozumari/github
    updated: false
  - id: npm:@rozumari/lib
    updated: false
  - id: npm:@rozumari/tsconfig
    updated: false
  - changelogIds:
      - 2026-09-17-mu4daq5w.md
    id: npm:@rozumari/contract
    updated: true
  - id: npm:@rozumari/web
    updated: true
  - id: npm:@rozumari/oxlint
    updated: false
  - changelogIds:
      - 2026-09-16-mu4cfba8.md
    id: npm:@rozumari/mobile
    updated: true
  - id: npm:@rozumari/firmware
    updated: false
  - id: npm:@rozumari/eda
    updated: false
  - changelogIds:
      - 2026-09-17-mu4daq5w.md
    id: npm:@rozumari/api
    updated: true
  - id: npm:@rozumari/ui
    updated: false
npm:packages:
  - id: npm:graduation-thesis
  - id: npm:@rozumari/github
  - id: npm:@rozumari/lib
  - id: npm:@rozumari/tsconfig
  - id: npm:@rozumari/contract
  - id: npm:@rozumari/web
  - id: npm:@rozumari/oxlint
  - id: npm:@rozumari/mobile
  - id: npm:@rozumari/firmware
  - id: npm:@rozumari/eda
  - id: npm:@rozumari/api
  - id: npm:@rozumari/ui
