version = 1
revision = 3
requires-python = ">=3.14"

[[package]]
name = "firmware"
version = "0.0.0"
source = { virtual = "." }

[package.dev-dependencies]
dev = [
    { name = "micropython-rp2-rpi-pico2-w-stubs" },
    { name = "mpremote" },
]

[package.metadata]

[package.metadata.requires-dev]
dev = [
    { name = "micropython-rp2-rpi-pico2-w-stubs", specifier = ">=1.28.0" },
    { name = "mpremote", specifier = ">=1.29.0" },
]

[[package]]
name = "micropython-rp2-rpi-pico2-w-stubs"
version = "1.28.0.post4"
source = { registry = "https://pypi.org/simple" }
dependencies = [
    { name = "micropython-stdlib-stubs" },
]
sdist = { url = "https://files.pythonhosted.org/packages/06/df/4942dc015dacf5196b5b5ac67fd40f208f6463ab981a82da851826c5ec36/micropython_rp2_rpi_pico2_w_stubs-1.28.0.post4.tar.gz", hash = "sha256:da2f89c1da2a125ebf1844e5e25bd5ae7c161b12f2fde96a8595ba090e146a9f", size = 98192, upload-time = "2026-05-20T12:35:48.219Z" }
wheels = [
    { url = "https://files.pythonhosted.org/packages/d1/26/0c62b6f98a1ceb87fcfd5cbde82ec805add4bf3af06e48f43a9449b1a2c4/micropython_rp2_rpi_pico2_w_stubs-1.28.0.post4-py2.py3-none-any.whl", hash = "sha256:57713fda3f9124a4510e363d26dd9c3fe8ee359a19a210ecaf2690b9058eafcb", size = 125736, upload-time = "2026-05-20T12:35:49.351Z" },
]

[[package]]
name = "micropython-stdlib-stubs"
version = "1.28.0.post6"
source = { registry = "https://pypi.org/simple" }
wheels = [
    { url = "https://files.pythonhosted.org/packages/cd/e3/4edfda3791ea58edb220e319e9be9511545aa4c02e280bbe087c21c36038/micropython_stdlib_stubs-1.28.0.post6-py3-none-any.whl", hash = "sha256:b0a707f852365f03792b23964b48a0304cbb18eecc1b743e0d5b96712b775909", size = 150306, upload-time = "2026-07-19T21:10:22.02Z" },
]

[[package]]
name = "mpremote"
version = "1.29.0"
source = { registry = "https://pypi.org/simple" }
dependencies = [
    { name = "platformdirs" },
    { name = "pyserial" },
]
sdist = { url = "https://files.pythonhosted.org/packages/ac/b7/8c44eb606b0e53517fd6ddda3f598b3bdb180c181f4e0bcbb9b7743f4cb5/mpremote-1.29.0.tar.gz", hash = "sha256:ab0b6f21059698e573ca076fe9a0299e5fe7bbc3ca3f5b2f00007e22e51c7b80", size = 33808, upload-time = "2026-08-24T13:54:53.108Z" }
wheels = [
    { url = "https://files.pythonhosted.org/packages/51/85/f68fbcfe4d1ce32a7f2154a48f68195d4f256e3700b69ad0d5b758ee3b37/mpremote-1.29.0-py3-none-any.whl", hash = "sha256:dedac688bcd65b9d4d5b7a66119332f2830000088321107994959333f53e41c8", size = 38653, upload-time = "2026-08-24T13:54:51.674Z" },
]

[[package]]
name = "platformdirs"
version = "4.11.9"
source = { registry = "https://pypi.org/simple" }
sdist = { url = "https://files.pythonhosted.org/packages/58/b9/8adc4e1b422b27fd88540ec7bf1f406f77ef393ec070e26fc430e914cde8/platformdirs-4.11.9.tar.gz", hash = "sha256:e2c66a8d384596cd98e3c4aea2d761df7bac95d9d8a2cc3946daa8cdafdaebc1", size = 38345, upload-time = "2026-09-16T13:31:45.259Z" }
wheels = [
    { url = "https://files.pythonhosted.org/packages/f3/94/803ba86705257d7eedddac4b02eb88a7483b1600e9200c1fefc6f1a9a3ff/platformdirs-4.11.9-py3-none-any.whl", hash = "sha256:0a3958f58a9e30321eaef0a424dd0b77cce242886b36b8aa992f9731ef2d59c1", size = 24472, upload-time = "2026-09-16T13:31:44.049Z" },
]

[[package]]
name = "pyserial"
version = "3.5"
source = { registry = "https://pypi.org/simple" }
sdist = { url = "https://files.pythonhosted.org/packages/1e/7d/ae3f0a63f41e4d2f6cb66a5b57197850f919f59e558159a4dd3a818f5082/pyserial-3.5.tar.gz", hash = "sha256:3c77e014170dfffbd816e6ffc205e9842efb10be9f58ec16d3e8675b4925cddb", size = 159125, upload-time = "2020-11-23T03:59:15.045Z" }
wheels = [
    { url = "https://files.pythonhosted.org/packages/07/bc/587a445451b253b285629263eb51c2d8e9bcea4fc97826266d186f96f558/pyserial-3.5-py2.py3-none-any.whl", hash = "sha256:c4451db6ba391ca6ca299fb3ec7bae67a5c55dde170964c7a14ceefec02f2cf0", size = 90585, upload-time = "2020-11-23T03:59:13.41Z" },
]
